// !$*UTF8*$!
{
	archiveVersion = 1;
	classes = {
	};
	objectVersion = 56;
	objects = {

/* Begin PBXBuildFile section */
		3CE2C86A2AA25CB800C5B3D1 /* whisper.cpp in Sources */ = {isa = PBXBuildFile; fileRef = 3CE2C8662AA25CB800C5B3D1 /* whisper.cpp */; settings = {COMPILER_FLAGS = "-Wno-shorten-64-to-32"; }; };
		3CE2C86B2AA25CB800C5B3D1 /* ggml.c in Sources */ = {isa = PBXBuildFile; fileRef = 3CE2C8682AA25CB800C5B3D1 /* ggml.c */; settings = {COMPILER_FLAGS = "-DGGML_USE_ACCELERATE -Wno-shorten-64-to-32"; }; };
		3CE2C86D2AA25CE200C5B3D1 /* LibWhisper.swift in Sources */ = {isa = PBXBuildFile; fileRef = 3CE2C86C2AA25CE200C5B3D1 /* LibWhisper.swift */; };
		3CE2C8712AA25E5A00C5B3D1 /* sample.wav in Resources */ = {isa = PBXBuildFile; fileRef = 3CE2C8702AA25E5A00C5B3D1 /* sample.wav */; };
		3CE2C8732AA25E8A00C5B3D1 /* WhisperState.swift in Sources */ = {isa = PBXBuildFile; fileRef = 3CE2C8722AA25E8A00C5B3D1 /* WhisperState.swift */; };
		3CE2C8762AA25EA300C5B3D1 /* Recorder.swift in Sources */ = {isa = PBXBuildFile; fileRef = 3CE2C8742AA25EA300C5B3D1 /* Recorder.swift */; };
		3CE2C8772AA25EA300C5B3D1 /* RiffWaveUtils.swift in Sources */ = {isa = PBXBuildFile; fileRef = 3CE2C8752AA25EA300C5B3D1 /* RiffWaveUtils.swift */; };
		3CE2C87B2AA2746F00C5B3D1 /* ggml-small.en.bin in Resources */ = {isa = PBXBuildFile; fileRef = 3CE2C87A2AA2746F00C5B3D1 /* ggml-small.en.bin */; };
		3CE2C87D2AA2769900C5B3D1 /* ggml-base.en.bin in Resources */ = {isa = PBXBuildFile; fileRef = 3CE2C86E2AA25D3E00C5B3D1 /* ggml-base.en.bin */; };
		3CE2C87E2AA2769D00C5B3D1 /* ggml-medium.en.bin in Resources */ = {isa = PBXBuildFile; fileRef = 3CE2C8782AA272B600C5B3D1 /* ggml-medium.en.bin */; };
		B4D0BA682A68617A00274FDA /* diane_iosApp.swift in Sources */ = {isa = PBXBuildFile; fileRef = B4D0BA672A68617A00274FDA /* diane_iosApp.swift */; };
		B4D0BA6C2A68617C00274FDA /* Assets.xcassets in Resources */ = {isa = PBXBuildFile; fileRef = B4D0BA6B2A68617C00274FDA /* Assets.xcassets */; };
		B4D0BA702A68617C00274FDA /* Preview Assets.xcassets in Resources */ = {isa = PBXBuildFile; fileRef = B4D0BA6F2A68617C00274FDA /* Preview Assets.xcassets */; };
		B4D0BA7A2A68617C00274FDA /* diane_iosTests.swift in Sources */ = {isa = PBXBuildFile; fileRef = B4D0BA792A68617C00274FDA /* diane_iosTests.swift */; };
		B4D0BA842A68617C00274FDA /* diane_iosUITests.swift in Sources */ = {isa = PBXBuildFile; fileRef = B4D0BA832A68617C00274FDA /* diane_iosUITests.swift */; };
		B4D0BA862A68617C00274FDA /* diane_iosUITestsLaunchTests.swift in Sources */ = {isa = PBXBuildFile; fileRef = B4D0BA852A68617C00274FDA /* diane_iosUITestsLaunchTests.swift */; };
		B4D0BA9F2A68722400274FDA /* Note.swift in Sources */ = {isa = PBXBuildFile; fileRef = B4D0BA9E2A68722400274FDA /* Note.swift */; };
		B4D0BAA12A6874BC00274FDA /* NotesData.swift in Sources */ = {isa = PBXBuildFile; fileRef = B4D0BAA02A6874BC00274FDA /* NotesData.swift */; };
		B4D0BAA32A687A3C00274FDA /* NoteList.swift in Sources */ = {isa = PBXBuildFile; fileRef = B4D0BAA22A687A3C00274FDA /* NoteList.swift */; };
		B4D0BAA52A687E3800274FDA /* NoteViewer.swift in Sources */ = {isa = PBXBuildFile; fileRef = B4D0BAA42A687E3800274FDA /* NoteViewer.swift */; };
		B4D0BAA72A68816800274FDA /* NoteRow.swift in Sources */ = {isa = PBXBuildFile; fileRef = B4D0BAA62A68816800274FDA /* NoteRow.swift */; };
		B4D0BAA92A6882C100274FDA /* CustomLabelStyle.swift in Sources */ = {isa = PBXBuildFile; fileRef = B4D0BAA82A6882C100274FDA /* CustomLabelStyle.swift */; };
		B4D0BAAB2A68838A00274FDA /* NoteSymbols.swift in Sources */ = {isa = PBXBuildFile; fileRef = B4D0BAAA2A68838A00274FDA /* NoteSymbols.swift */; };
		B4D0BAAD2A68840200274FDA /* ColorOption.swift in Sources */ = {isa = PBXBuildFile; fileRef = B4D0BAAC2A68840200274FDA /* ColorOption.swift */; };
		B4F1CA712A6ACE3B00E4C95F /* ChatModel.swift in Sources */ = {isa = PBXBuildFile; fileRef = B4F1CA702A6ACE3B00E4C95F /* ChatModel.swift */; };
		B4F1CA732A6ACF7400E4C95F /* ContentMessageView.swift in Sources */ = {isa = PBXBuildFile; fileRef = B4F1CA722A6ACF7400E4C95F /* ContentMessageView.swift */; };
		B4F1CA752A6AD49B00E4C95F /* MessageView.swift in Sources */ = {isa = PBXBuildFile; fileRef = B4F1CA742A6AD49B00E4C95F /* MessageView.swift */; };
		B4F1CA772A6AD7FD00E4C95F /* ChatHelper.swift in Sources */ = {isa = PBXBuildFile; fileRef = B4F1CA762A6AD7FD00E4C95F /* ChatHelper.swift */; };
		B4F1CA7B2A6ADA9A00E4C95F /* ChatView.swift in Sources */ = {isa = PBXBuildFile; fileRef = B4F1CA7A2A6ADA9A00E4C95F /* ChatView.swift */; };
		B4F1CA812A6B198800E4C95F /* NewChatRow.swift in Sources */ = {isa = PBXBuildFile; fileRef = B4F1CA802A6B198800E4C95F /* NewChatRow.swift */; };
/* End PBXBuildFile section */

/* Begin PBXContainerItemProxy section */
		B4D0BA762A68617C00274FDA /* PBXContainerItemProxy */ = {
			isa = PBXContainerItemProxy;
			containerPortal = B4D0BA5C2A68617A00274FDA /* Project object */;
			proxyType = 1;
			remoteGlobalIDString = B4D0BA632A68617A00274FDA;
			remoteInfo = "diane-ios";
		};
		B4D0BA802A68617C00274FDA /* PBXContainerItemProxy */ = {
			isa = PBXContainerItemProxy;
			containerPortal = B4D0BA5C2A68617A00274FDA /* Project object */;
			proxyType = 1;
			remoteGlobalIDString = B4D0BA632A68617A00274FDA;
			remoteInfo = "diane-ios";
		};
/* End PBXContainerItemProxy section */

/* Begin PBXFileReference section */
		3CE2C8652AA25CB700C5B3D1 /* diane-ios-Bridging-Header.h */ = {isa = PBXFileReference; lastKnownFileType = sourcecode.c.h; path = "diane-ios-Bridging-Header.h"; sourceTree = "<group>"; };
		3CE2C8662AA25CB800C5B3D1 /* whisper.cpp */ = {isa = PBXFileReference; fileEncoding = 4; lastKnownFileType = sourcecode.cpp.cpp; path = whisper.cpp; sourceTree = "<group>"; };
		3CE2C8672AA25CB800C5B3D1 /* ggml.h */ = {isa = PBXFileReference; fileEncoding = 4; lastKnownFileType = sourcecode.c.h; path = ggml.h; sourceTree = "<group>"; };
		3CE2C8682AA25CB800C5B3D1 /* ggml.c */ = {isa = PBXFileReference; fileEncoding = 4; lastKnownFileType = sourcecode.c.c; path = ggml.c; sourceTree = "<group>"; };
		3CE2C8692AA25CB800C5B3D1 /* whisper.h */ = {isa = PBXFileReference; fileEncoding = 4; lastKnownFileType = sourcecode.c.h; path = whisper.h; sourceTree = "<group>"; };
		3CE2C86C2AA25CE200C5B3D1 /* LibWhisper.swift */ = {isa = PBXFileReference; fileEncoding = 4; lastKnownFileType = sourcecode.swift; path = LibWhisper.swift; sourceTree = "<group>"; };
		3CE2C86E2AA25D3E00C5B3D1 /* ggml-base.en.bin */ = {isa = PBXFileReference; lastKnownFileType = archive.macbinary; path = "ggml-base.en.bin"; sourceTree = "<group>"; };
		3CE2C8702AA25E5A00C5B3D1 /* sample.wav */ = {isa = PBXFileReference; lastKnownFileType = audio.wav; path = sample.wav; sourceTree = "<group>"; };
		3CE2C8722AA25E8A00C5B3D1 /* WhisperState.swift */ = {isa = PBXFileReference; fileEncoding = 4; lastKnownFileType = sourcecode.swift; path = WhisperState.swift; sourceTree = "<group>"; };
		3CE2C8742AA25EA300C5B3D1 /* Recorder.swift */ = {isa = PBXFileReference; fileEncoding = 4; lastKnownFileType = sourcecode.swift; path = Recorder.swift; sourceTree = "<group>"; };
		3CE2C8752AA25EA300C5B3D1 /* RiffWaveUtils.swift */ = {isa = PBXFileReference; fileEncoding = 4; lastKnownFileType = sourcecode.swift; path = RiffWaveUtils.swift; sourceTree = "<group>"; };
		3CE2C8782AA272B600C5B3D1 /* ggml-medium.en.bin */ = {isa = PBXFileReference; lastKnownFileType = archive.macbinary; path = "ggml-medium.en.bin"; sourceTree = "<group>"; };
		3CE2C87A2AA2746F00C5B3D1 /* ggml-small.en.bin */ = {isa = PBXFileReference; lastKnownFileType = archive.macbinary; path = "ggml-small.en.bin"; sourceTree = "<group>"; };
		B4D0BA642A68617A00274FDA /* diane-ios.app */ = {isa = PBXFileReference; explicitFileType = wrapper.application; includeInIndex = 0; path = "diane-ios.app"; sourceTree = BUILT_PRODUCTS_DIR; };
		B4D0BA672A68617A00274FDA /* diane_iosApp.swift */ = {isa = PBXFileReference; lastKnownFileType = sourcecode.swift; path = diane_iosApp.swift; sourceTree = "<group>"; };
		B4D0BA6B2A68617C00274FDA /* Assets.xcassets */ = {isa = PBXFileReference; lastKnownFileType = folder.assetcatalog; path = Assets.xcassets; sourceTree = "<group>"; };
		B4D0BA6D2A68617C00274FDA /* diane_ios.entitlements */ = {isa = PBXFileReference; lastKnownFileType = text.plist.entitlements; path = diane_ios.entitlements; sourceTree = "<group>"; };
		B4D0BA6F2A68617C00274FDA /* Preview Assets.xcassets */ = {isa = PBXFileReference; lastKnownFileType = folder.assetcatalog; path = "Preview Assets.xcassets"; sourceTree = "<group>"; };
		B4D0BA752A68617C00274FDA /* diane-iosTests.xctest */ = {isa = PBXFileReference; explicitFileType = wrapper.cfbundle; includeInIndex = 0; path = "diane-iosTests.xctest"; sourceTree = BUILT_PRODUCTS_DIR; };
		B4D0BA792A68617C00274FDA /* diane_iosTests.swift */ = {isa = PBXFileReference; lastKnownFileType = sourcecode.swift; path = diane_iosTests.swift; sourceTree = "<group>"; };
		B4D0BA7F2A68617C00274FDA /* diane-iosUITests.xctest */ = {isa = PBXFileReference; explicitFileType = wrapper.cfbundle; includeInIndex = 0; path = "diane-iosUITests.xctest"; sourceTree = BUILT_PRODUCTS_DIR; };
		B4D0BA832A68617C00274FDA /* diane_iosUITests.swift */ = {isa = PBXFileReference; lastKnownFileType = sourcecode.swift; path = diane_iosUITests.swift; sourceTree = "<group>"; };
		B4D0BA852A68617C00274FDA /* diane_iosUITestsLaunchTests.swift */ = {isa = PBXFileReference; lastKnownFileType = sourcecode.swift; path = diane_iosUITestsLaunchTests.swift; sourceTree = "<group>"; };
		B4D0BA9E2A68722400274FDA /* Note.swift */ = {isa = PBXFileReference; lastKnownFileType = sourcecode.swift; path = Note.swift; sourceTree = "<group>"; };
		B4D0BAA02A6874BC00274FDA /* NotesData.swift */ = {isa = PBXFileReference; lastKnownFileType = sourcecode.swift; path = NotesData.swift; sourceTree = "<group>"; };
		B4D0BAA22A687A3C00274FDA /* NoteList.swift */ = {isa = PBXFileReference; lastKnownFileType = sourcecode.swift; path = NoteList.swift; sourceTree = "<group>"; };
		B4D0BAA42A687E3800274FDA /* NoteViewer.swift */ = {isa = PBXFileReference; lastKnownFileType = sourcecode.swift; path = NoteViewer.swift; sourceTree = "<group>"; };
		B4D0BAA62A68816800274FDA /* NoteRow.swift */ = {isa = PBXFileReference; lastKnownFileType = sourcecode.swift; path = NoteRow.swift; sourceTree = "<group>"; };
		B4D0BAA82A6882C100274FDA /* CustomLabelStyle.swift */ = {isa = PBXFileReference; lastKnownFileType = sourcecode.swift; path = CustomLabelStyle.swift; sourceTree = "<group>"; };
		B4D0BAAA2A68838A00274FDA /* NoteSymbols.swift */ = {isa = PBXFileReference; lastKnownFileType = sourcecode.swift; path = NoteSymbols.swift; sourceTree = "<group>"; };
		B4D0BAAC2A68840200274FDA /* ColorOption.swift */ = {isa = PBXFileReference; lastKnownFileType = sourcecode.swift; path = ColorOption.swift; sourceTree = "<group>"; };
		B4F1CA702A6ACE3B00E4C95F /* ChatModel.swift */ = {isa = PBXFileReference; lastKnownFileType = sourcecode.swift; path = ChatModel.swift; sourceTree = "<group>"; };
		B4F1CA722A6ACF7400E4C95F /* ContentMessageView.swift */ = {isa = PBXFileReference; lastKnownFileType = sourcecode.swift; path = ContentMessageView.swift; sourceTree = "<group>"; };
		B4F1CA742A6AD49B00E4C95F /* MessageView.swift */ = {isa = PBXFileReference; lastKnownFileType = sourcecode.swift; path = MessageView.swift; sourceTree = "<group>"; };
		B4F1CA762A6AD7FD00E4C95F /* ChatHelper.swift */ = {isa = PBXFileReference; lastKnownFileType = sourcecode.swift; path = ChatHelper.swift; sourceTree = "<group>"; };
		B4F1CA7A2A6ADA9A00E4C95F /* ChatView.swift */ = {isa = PBXFileReference; lastKnownFileType = sourcecode.swift; path = ChatView.swift; sourceTree = "<group>"; };
		B4F1CA802A6B198800E4C95F /* NewChatRow.swift */ = {isa = PBXFileReference; lastKnownFileType = sourcecode.swift; path = NewChatRow.swift; sourceTree = "<group>"; };
/* End PBXFileReference section */

/* Begin PBXFrameworksBuildPhase section */
		B4D0BA612A68617A00274FDA /* Frameworks */ = {
			isa = PBXFrameworksBuildPhase;
			buildActionMask = 2147483647;
			files = (
			);
			runOnlyForDeploymentPostprocessing = 0;
		};
		B4D0BA722A68617C00274FDA /* Frameworks */ = {
			isa = PBXFrameworksBuildPhase;
			buildActionMask = 2147483647;
			files = (
			);
			runOnlyForDeploymentPostprocessing = 0;
		};
		B4D0BA7C2A68617C00274FDA /* Frameworks */ = {
			isa = PBXFrameworksBuildPhase;
			buildActionMask = 2147483647;
			files = (
			);
			runOnlyForDeploymentPostprocessing = 0;
		};
/* End PBXFrameworksBuildPhase section */

/* Begin PBXGroup section */
		3CE2C8642AA25C9100C5B3D1 /* whisper.cpp */ = {
			isa = PBXGroup;
			children = (
				3CE2C8682AA25CB800C5B3D1 /* ggml.c */,
				3CE2C8672AA25CB800C5B3D1 /* ggml.h */,
				3CE2C8662AA25CB800C5B3D1 /* whisper.cpp */,
				3CE2C8692AA25CB800C5B3D1 /* whisper.h */,
				3CE2C8652AA25CB700C5B3D1 /* diane-ios-Bridging-Header.h */,
			);
			path = whisper.cpp;
			sourceTree = "<group>";
		};
		B4D0BA5B2A68617A00274FDA = {
			isa = PBXGroup;
			children = (
				3CE2C8702AA25E5A00C5B3D1 /* sample.wav */,
				3CE2C8782AA272B600C5B3D1 /* ggml-medium.en.bin */,
				3CE2C87A2AA2746F00C5B3D1 /* ggml-small.en.bin */,
				3CE2C86E2AA25D3E00C5B3D1 /* ggml-base.en.bin */,
				3CE2C86C2AA25CE200C5B3D1 /* LibWhisper.swift */,
				3CE2C8642AA25C9100C5B3D1 /* whisper.cpp */,
				B4D0BA662A68617A00274FDA /* diane-ios */,
				B4D0BA782A68617C00274FDA /* diane-iosTests */,
				B4D0BA822A68617C00274FDA /* diane-iosUITests */,
				B4D0BA652A68617A00274FDA /* Products */,
			);
			sourceTree = "<group>";
		};
		B4D0BA652A68617A00274FDA /* Products */ = {
			isa = PBXGroup;
			children = (
				B4D0BA642A68617A00274FDA /* diane-ios.app */,
				B4D0BA752A68617C00274FDA /* diane-iosTests.xctest */,
				B4D0BA7F2A68617C00274FDA /* diane-iosUITests.xctest */,
			);
			name = Products;
			sourceTree = "<group>";
		};
		B4D0BA662A68617A00274FDA /* diane-ios */ = {
			isa = PBXGroup;
			children = (
				3CE2C8742AA25EA300C5B3D1 /* Recorder.swift */,
				3CE2C8752AA25EA300C5B3D1 /* RiffWaveUtils.swift */,
				3CE2C8722AA25E8A00C5B3D1 /* WhisperState.swift */,
				B4F1CA742A6AD49B00E4C95F /* MessageView.swift */,
				B4F1CA762A6AD7FD00E4C95F /* ChatHelper.swift */,
				B4F1CA7A2A6ADA9A00E4C95F /* ChatView.swift */,
				B4D0BA672A68617A00274FDA /* diane_iosApp.swift */,
				B4D0BA9E2A68722400274FDA /* Note.swift */,
				B4F1CA702A6ACE3B00E4C95F /* ChatModel.swift */,
				B4F1CA722A6ACF7400E4C95F /* ContentMessageView.swift */,
				B4D0BAAA2A68838A00274FDA /* NoteSymbols.swift */,
				B4D0BAA02A6874BC00274FDA /* NotesData.swift */,
				B4D0BAA22A687A3C00274FDA /* NoteList.swift */,
				B4D0BAA62A68816800274FDA /* NoteRow.swift */,
				B4F1CA802A6B198800E4C95F /* NewChatRow.swift */,
				B4D0BAA82A6882C100274FDA /* CustomLabelStyle.swift */,
				B4D0BAA42A687E3800274FDA /* NoteViewer.swift */,
				B4D0BA6B2A68617C00274FDA /* Assets.xcassets */,
				B4D0BA6D2A68617C00274FDA /* diane_ios.entitlements */,
				B4D0BA6E2A68617C00274FDA /* Preview Content */,
				B4D0BAAC2A68840200274FDA /* ColorOption.swift */,
			);
			path = "diane-ios";
			sourceTree = "<group>";
		};
		B4D0BA6E2A68617C00274FDA /* Preview Content */ = {
			isa = PBXGroup;
			children = (
				B4D0BA6F2A68617C00274FDA /* Preview Assets.xcassets */,
			);
			path = "Preview Content";
			sourceTree = "<group>";
		};
		B4D0BA782A68617C00274FDA /* diane-iosTests */ = {
			isa = PBXGroup;
			children = (
				B4D0BA792A68617C00274FDA /* diane_iosTests.swift */,
			);
			path = "diane-iosTests";
			sourceTree = "<group>";
		};
		B4D0BA822A68617C00274FDA /* diane-iosUITests */ = {
			isa = PBXGroup;
			children = (
				B4D0BA832A68617C00274FDA /* diane_iosUITests.swift */,
				B4D0BA852A68617C00274FDA /* diane_iosUITestsLaunchTests.swift */,
			);
			path = "diane-iosUITests";
			sourceTree = "<group>";
		};
/* End PBXGroup section */

/* Begin PBXNativeTarget section */
		B4D0BA632A68617A00274FDA /* diane-ios */ = {
			isa = PBXNativeTarget;
			buildConfigurationList = B4D0BA892A68617C00274FDA /* Build configuration list for PBXNativeTarget "diane-ios" */;
			buildPhases = (
				B4D0BA602A68617A00274FDA /* Sources */,
				B4D0BA612A68617A00274FDA /* Frameworks */,
				B4D0BA622A68617A00274FDA /* Resources */,
			);
			buildRules = (
			);
			dependencies = (
			);
			name = "diane-ios";
			productName = "diane-ios";
			productReference = B4D0BA642A68617A00274FDA /* diane-ios.app */;
			productType = "com.apple.product-type.application";
		};
		B4D0BA742A68617C00274FDA /* diane-iosTests */ = {
			isa = PBXNativeTarget;
			buildConfigurationList = B4D0BA8C2A68617C00274FDA /* Build configuration list for PBXNativeTarget "diane-iosTests" */;
			buildPhases = (
				B4D0BA712A68617C00274FDA /* Sources */,
				B4D0BA722A68617C00274FDA /* Frameworks */,
				B4D0BA732A68617C00274FDA /* Resources */,
			);
			buildRules = (
			);
			dependencies = (
				B4D0BA772A68617C00274FDA /* PBXTargetDependency */,
			);
			name = "diane-iosTests";
			productName = "diane-iosTests";
			productReference = B4D0BA752A68617C00274FDA /* diane-iosTests.xctest */;
			productType = "com.apple.product-type.bundle.unit-test";
		};
		B4D0BA7E2A68617C00274FDA /* diane-iosUITests */ = {
			isa = PBXNativeTarget;
			buildConfigurationList = B4D0BA8F2A68617C00274FDA /* Build configuration list for PBXNativeTarget "diane-iosUITests" */;
			buildPhases = (
				B4D0BA7B2A68617C00274FDA /* Sources */,
				B4D0BA7C2A68617C00274FDA /* Frameworks */,
				B4D0BA7D2A68617C00274FDA /* Resources */,
			);
			buildRules = (
			);
			dependencies = (
				B4D0BA812A68617C00274FDA /* PBXTargetDependency */,
			);
			name = "diane-iosUITests";
			productName = "diane-iosUITests";
			productReference = B4D0BA7F2A68617C00274FDA /* diane-iosUITests.xctest */;
			productType = "com.apple.product-type.bundle.ui-testing";
		};
/* End PBXNativeTarget section */

/* Begin PBXProject section */
		B4D0BA5C2A68617A00274FDA /* Project object */ = {
			isa = PBXProject;
			attributes = {
				BuildIndependentTargetsInParallel = 1;
				LastSwiftUpdateCheck = 1430;
				LastUpgradeCheck = 1430;
				TargetAttributes = {
					B4D0BA632A68617A00274FDA = {
						CreatedOnToolsVersion = 14.3.1;
						LastSwiftMigration = 1430;
					};
					B4D0BA742A68617C00274FDA = {
						CreatedOnToolsVersion = 14.3.1;
						TestTargetID = B4D0BA632A68617A00274FDA;
					};
					B4D0BA7E2A68617C00274FDA = {
						CreatedOnToolsVersion = 14.3.1;
						TestTargetID = B4D0BA632A68617A00274FDA;
					};
				};
			};
			buildConfigurationList = B4D0BA5F2A68617A00274FDA /* Build configuration list for PBXProject "diane-ios" */;
			compatibilityVersion = "Xcode 14.0";
			developmentRegion = en;
			hasScannedForEncodings = 0;
			knownRegions = (
				en,
				Base,
			);
			mainGroup = B4D0BA5B2A68617A00274FDA;
			productRefGroup = B4D0BA652A68617A00274FDA /* Products */;
			projectDirPath = "";
			projectRoot = "";
			targets = (
				B4D0BA632A68617A00274FDA /* diane-ios */,
				B4D0BA742A68617C00274FDA /* diane-iosTests */,
				B4D0BA7E2A68617C00274FDA /* diane-iosUITests */,
			);
		};
/* End PBXProject section */

/* Begin PBXResourcesBuildPhase section */
		B4D0BA622A68617A00274FDA /* Resources */ = {
			isa = PBXResourcesBuildPhase;
			buildActionMask = 2147483647;
			files = (
				3CE2C8712AA25E5A00C5B3D1 /* sample.wav in Resources */,
				B4D0BA702A68617C00274FDA /* Preview Assets.xcassets in Resources */,
				3CE2C87B2AA2746F00C5B3D1 /* ggml-small.en.bin in Resources */,
				3CE2C87E2AA2769D00C5B3D1 /* ggml-medium.en.bin in Resources */,
				B4D0BA6C2A68617C00274FDA /* Assets.xcassets in Resources */,
				3CE2C87D2AA2769900C5B3D1 /* ggml-base.en.bin in Resources */,
			);
			runOnlyForDeploymentPostprocessing = 0;
		};
		B4D0BA732A68617C00274FDA /* Resources */ = {
			isa = PBXResourcesBuildPhase;
			buildActionMask = 2147483647;
			files = (
			);
			runOnlyForDeploymentPostprocessing = 0;
		};
		B4D0BA7D2A68617C00274FDA /* Resources */ = {
			isa = PBXResourcesBuildPhase;
			buildActionMask = 2147483647;
			files = (
			);
			runOnlyForDeploymentPostprocessing = 0;
		};
/* End PBXResourcesBuildPhase section */

/* Begin PBXSourcesBuildPhase section */
		B4D0BA602A68617A00274FDA /* Sources */ = {
			isa = PBXSourcesBuildPhase;
			buildActionMask = 2147483647;
			files = (
				B4D0BAA72A68816800274FDA /* NoteRow.swift in Sources */,
				B4D0BAA92A6882C100274FDA /* CustomLabelStyle.swift in Sources */,
				B4F1CA7B2A6ADA9A00E4C95F /* ChatView.swift in Sources */,
				3CE2C86B2AA25CB800C5B3D1 /* ggml.c in Sources */,
				B4F1CA712A6ACE3B00E4C95F /* ChatModel.swift in Sources */,
				3CE2C8772AA25EA300C5B3D1 /* RiffWaveUtils.swift in Sources */,
				B4D0BAAD2A68840200274FDA /* ColorOption.swift in Sources */,
				B4F1CA732A6ACF7400E4C95F /* ContentMessageView.swift in Sources */,
				B4D0BAA52A687E3800274FDA /* NoteViewer.swift in Sources */,
				B4F1CA812A6B198800E4C95F /* NewChatRow.swift in Sources */,
				B4F1CA752A6AD49B00E4C95F /* MessageView.swift in Sources */,
				B4D0BA9F2A68722400274FDA /* Note.swift in Sources */,
				3CE2C8732AA25E8A00C5B3D1 /* WhisperState.swift in Sources */,
				B4D0BAA32A687A3C00274FDA /* NoteList.swift in Sources */,
				B4D0BAA12A6874BC00274FDA /* NotesData.swift in Sources */,
				B4D0BA682A68617A00274FDA /* diane_iosApp.swift in Sources */,
				3CE2C8762AA25EA300C5B3D1 /* Recorder.swift in Sources */,
				B4D0BAAB2A68838A00274FDA /* NoteSymbols.swift in Sources */,
				3CE2C86A2AA25CB800C5B3D1 /* whisper.cpp in Sources */,
				3CE2C86D2AA25CE200C5B3D1 /* LibWhisper.swift in Sources */,
				B4F1CA772A6AD7FD00E4C95F /* ChatHelper.swift in Sources */,
			);
			runOnlyForDeploymentPostprocessing = 0;
		};
		B4D0BA712A68617C00274FDA /* Sources */ = {
			isa = PBXSourcesBuildPhase;
			buildActionMask = 2147483647;
			files = (
				B4D0BA7A2A68617C00274FDA /* diane_iosTests.swift in Sources */,
			);
			runOnlyForDeploymentPostprocessing = 0;
		};
		B4D0BA7B2A68617C00274FDA /* Sources */ = {
			isa = PBXSourcesBuildPhase;
			buildActionMask = 2147483647;
			files = (
				B4D0BA862A68617C00274FDA /* diane_iosUITestsLaunchTests.swift in Sources */,
				B4D0BA842A68617C00274FDA /* diane_iosUITests.swift in Sources */,
			);
			runOnlyForDeploymentPostprocessing = 0;
		};
/* End PBXSourcesBuildPhase section */

/* Begin PBXTargetDependency section */
		B4D0BA772A68617C00274FDA /* PBXTargetDependency */ = {
			isa = PBXTargetDependency;
			target = B4D0BA632A68617A00274FDA /* diane-ios */;
			targetProxy = B4D0BA762A68617C00274FDA /* PBXContainerItemProxy */;
		};
		B4D0BA812A68617C00274FDA /* PBXTargetDependency */ = {
			isa = PBXTargetDependency;
			target = B4D0BA632A68617A00274FDA /* diane-ios */;
			targetProxy = B4D0BA802A68617C00274FDA /* PBXContainerItemProxy */;
		};
/* End PBXTargetDependency section */

/* Begin XCBuildConfiguration section */
		B4D0BA872A68617C00274FDA /* Debug */ = {
			isa = XCBuildConfiguration;
			buildSettings = {
				ALWAYS_SEARCH_USER_PATHS = NO;
				CLANG_ANALYZER_NONNULL = YES;
				CLANG_ANALYZER_NUMBER_OBJECT_CONVERSION = YES_AGGRESSIVE;
				CLANG_CXX_LANGUAGE_STANDARD = "gnu++20";
				CLANG_ENABLE_MODULES = YES;
				CLANG_ENABLE_OBJC_ARC = YES;
				CLANG_ENABLE_OBJC_WEAK = YES;
				CLANG_WARN_BLOCK_CAPTURE_AUTORELEASING = YES;
				CLANG_WARN_BOOL_CONVERSION = YES;
				CLANG_WARN_COMMA = YES;
				CLANG_WARN_CONSTANT_CONVERSION = YES;
				CLANG_WARN_DEPRECATED_OBJC_IMPLEMENTATIONS = YES;
				CLANG_WARN_DIRECT_OBJC_ISA_USAGE = YES_ERROR;
				CLANG_WARN_DOCUMENTATION_COMMENTS = YES;
				CLANG_WARN_EMPTY_BODY = YES;
				CLANG_WARN_ENUM_CONVERSION = YES;
				CLANG_WARN_INFINITE_RECURSION = YES;
				CLANG_WARN_INT_CONVERSION = YES;
				CLANG_WARN_NON_LITERAL_NULL_CONVERSION = YES;
				CLANG_WARN_OBJC_IMPLICIT_RETAIN_SELF = YES;
				CLANG_WARN_OBJC_LITERAL_CONVERSION = YES;
				CLANG_WARN_OBJC_ROOT_CLASS = YES_ERROR;
				CLANG_WARN_QUOTED_INCLUDE_IN_FRAMEWORK_HEADER = YES;
				CLANG_WARN_RANGE_LOOP_ANALYSIS = YES;
				CLANG_WARN_STRICT_PROTOTYPES = YES;
				CLANG_WARN_SUSPICIOUS_MOVE = YES;
				CLANG_WARN_UNGUARDED_AVAILABILITY = YES_AGGRESSIVE;
				CLANG_WARN_UNREACHABLE_CODE = YES;
				CLANG_WARN__DUPLICATE_METHOD_MATCH = YES;
				COPY_PHASE_STRIP = NO;
				DEBUG_INFORMATION_FORMAT = dwarf;
				ENABLE_STRICT_OBJC_MSGSEND = YES;
				ENABLE_TESTABILITY = YES;
				GCC_C_LANGUAGE_STANDARD = gnu11;
				GCC_DYNAMIC_NO_PIC = NO;
				GCC_NO_COMMON_BLOCKS = YES;
				GCC_OPTIMIZATION_LEVEL = 0;
				GCC_PREPROCESSOR_DEFINITIONS = (
					"DEBUG=1",
					"$(inherited)",
				);
				GCC_WARN_64_TO_32_BIT_CONVERSION = YES;
				GCC_WARN_ABOUT_RETURN_TYPE = YES_ERROR;
				GCC_WARN_UNDECLARED_SELECTOR = YES;
				GCC_WARN_UNINITIALIZED_AUTOS = YES_AGGRESSIVE;
				GCC_WARN_UNUSED_FUNCTION = YES;
				GCC_WARN_UNUSED_VARIABLE = YES;
				MTL_ENABLE_DEBUG_INFO = INCLUDE_SOURCE;
				MTL_FAST_MATH = YES;
				ONLY_ACTIVE_ARCH = YES;
				SWIFT_ACTIVE_COMPILATION_CONDITIONS = DEBUG;
				SWIFT_OPTIMIZATION_LEVEL = "-Onone";
			};
			name = Debug;
		};
		B4D0BA882A68617C00274FDA /* Release */ = {
			isa = XCBuildConfiguration;
			buildSettings = {
				ALWAYS_SEARCH_USER_PATHS = NO;
				CLANG_ANALYZER_NONNULL = YES;
				CLANG_ANALYZER_NUMBER_OBJECT_CONVERSION = YES_AGGRESSIVE;
				CLANG_CXX_LANGUAGE_STANDARD = "gnu++20";
				CLANG_ENABLE_MODULES = YES;
				CLANG_ENABLE_OBJC_ARC = YES;
				CLANG_ENABLE_OBJC_WEAK = YES;
				CLANG_WARN_BLOCK_CAPTURE_AUTORELEASING = YES;
				CLANG_WARN_BOOL_CONVERSION = YES;
				CLANG_WARN_COMMA = YES;
				CLANG_WARN_CONSTANT_CONVERSION = YES;
				CLANG_WARN_DEPRECATED_OBJC_IMPLEMENTATIONS = YES;
				CLANG_WARN_DIRECT_OBJC_ISA_USAGE = YES_ERROR;
				CLANG_WARN_DOCUMENTATION_COMMENTS = YES;
				CLANG_WARN_EMPTY_BODY = YES;
				CLANG_WARN_ENUM_CONVERSION = YES;
				CLANG_WARN_INFINITE_RECURSION = YES;
				CLANG_WARN_INT_CONVERSION = YES;
				CLANG_WARN_NON_LITERAL_NULL_CONVERSION = YES;
				CLANG_WARN_OBJC_IMPLICIT_RETAIN_SELF = YES;
				CLANG_WARN_OBJC_LITERAL_CONVERSION = YES;
				CLANG_WARN_OBJC_ROOT_CLASS = YES_ERROR;
				CLANG_WARN_QUOTED_INCLUDE_IN_FRAMEWORK_HEADER = YES;
				CLANG_WARN_RANGE_LOOP_ANALYSIS = YES;
				CLANG_WARN_STRICT_PROTOTYPES = YES;
				CLANG_WARN_SUSPICIOUS_MOVE = YES;
				CLANG_WARN_UNGUARDED_AVAILABILITY = YES_AGGRESSIVE;
				CLANG_WARN_UNREACHABLE_CODE = YES;
				CLANG_WARN__DUPLICATE_METHOD_MATCH = YES;
				COPY_PHASE_STRIP = NO;
				DEBUG_INFORMATION_FORMAT = "dwarf-with-dsym";
				ENABLE_NS_ASSERTIONS = NO;
				ENABLE_STRICT_OBJC_MSGSEND = YES;
				GCC_C_LANGUAGE_STANDARD = gnu11;
				GCC_NO_COMMON_BLOCKS = YES;
				GCC_WARN_64_TO_32_BIT_CONVERSION = YES;
				GCC_WARN_ABOUT_RETURN_TYPE = YES_ERROR;
				GCC_WARN_UNDECLARED_SELECTOR = YES;
				GCC_WARN_UNINITIALIZED_AUTOS = YES_AGGRESSIVE;
				GCC_WARN_UNUSED_FUNCTION = YES;
				GCC_WARN_UNUSED_VARIABLE = YES;
				MTL_ENABLE_DEBUG_INFO = NO;
				MTL_FAST_MATH = YES;
				SWIFT_COMPILATION_MODE = wholemodule;
				SWIFT_OPTIMIZATION_LEVEL = "-O";
			};
			name = Release;
		};
		B4D0BA8A2A68617C00274FDA /* Debug */ = {
			isa = XCBuildConfiguration;
			buildSettings = {
				ASSETCATALOG_COMPILER_APPICON_NAME = AppIcon;
				ASSETCATALOG_COMPILER_GLOBAL_ACCENT_COLOR_NAME = AccentColor;
				CLANG_ENABLE_MODULES = YES;
				CODE_SIGN_ENTITLEMENTS = "diane-ios/diane_ios.entitlements";
				CODE_SIGN_IDENTITY = "Apple Development";
				CODE_SIGN_STYLE = Automatic;
				CURRENT_PROJECT_VERSION = 1;
				DEVELOPMENT_ASSET_PATHS = "\"diane-ios/Preview Content\"";
				DEVELOPMENT_TEAM = YHA5UYAKQ6;
				ENABLE_PREVIEWS = YES;
				GENERATE_INFOPLIST_FILE = YES;
				INFOPLIST_KEY_NSMicrophoneUsageDescription = "Needed to transcribe audio";
				"INFOPLIST_KEY_UIApplicationSceneManifest_Generation[sdk=iphoneos*]" = YES;
				"INFOPLIST_KEY_UIApplicationSceneManifest_Generation[sdk=iphonesimulator*]" = YES;
				"INFOPLIST_KEY_UIApplicationSupportsIndirectInputEvents[sdk=iphoneos*]" = YES;
				"INFOPLIST_KEY_UIApplicationSupportsIndirectInputEvents[sdk=iphonesimulator*]" = YES;
				"INFOPLIST_KEY_UILaunchScreen_Generation[sdk=iphoneos*]" = YES;
				"INFOPLIST_KEY_UILaunchScreen_Generation[sdk=iphonesimulator*]" = YES;
				"INFOPLIST_KEY_UIStatusBarStyle[sdk=iphoneos*]" = UIStatusBarStyleDefault;
				"INFOPLIST_KEY_UIStatusBarStyle[sdk=iphonesimulator*]" = UIStatusBarStyleDefault;
				INFOPLIST_KEY_UISupportedInterfaceOrientations_iPad = "UIInterfaceOrientationPortrait UIInterfaceOrientationPortraitUpsideDown UIInterfaceOrientationLandscapeLeft UIInterfaceOrientationLandscapeRight";
				INFOPLIST_KEY_UISupportedInterfaceOrientations_iPhone = "UIInterfaceOrientationPortrait UIInterfaceOrientationLandscapeLeft UIInterfaceOrientationLandscapeRight";
				IPHONEOS_DEPLOYMENT_TARGET = 16.4;
				LD_RUNPATH_SEARCH_PATHS = "@executable_path/Frameworks";
				"LD_RUNPATH_SEARCH_PATHS[sdk=macosx*]" = "@executable_path/../Frameworks";
				MACOSX_DEPLOYMENT_TARGET = 13.3;
				MARKETING_VERSION = 1.0;
				OTHER_CFLAGS = (
					"-O3",
					"-DNDEBUG",
				);
				PRODUCT_BUNDLE_IDENTIFIER = "test-org.diane-ios";
				PRODUCT_NAME = "$(TARGET_NAME)";
				PROVISIONING_PROFILE_SPECIFIER = "";
				SDKROOT = auto;
				SUPPORTED_PLATFORMS = "iphoneos iphonesimulator macosx";
				SWIFT_EMIT_LOC_STRINGS = YES;
				SWIFT_OBJC_BRIDGING_HEADER = "whisper.cpp/diane-ios-Bridging-Header.h";
				SWIFT_OPTIMIZATION_LEVEL = "-Onone";
				SWIFT_VERSION = 5.0;
				TARGETED_DEVICE_FAMILY = "1,2";
			};
			name = Debug;
		};
		B4D0BA8B2A68617C00274FDA /* Release */ = {
			isa = XCBuildConfiguration;
			buildSettings = {
				ASSETCATALOG_COMPILER_APPICON_NAME = AppIcon;
				ASSETCATALOG_COMPILER_GLOBAL_ACCENT_COLOR_NAME = AccentColor;
				CLANG_ENABLE_MODULES = YES;
				CODE_SIGN_ENTITLEMENTS = "diane-ios/diane_ios.entitlements";
				CODE_SIGN_IDENTITY = "Apple Development";
				CODE_SIGN_STYLE = Automatic;
				CURRENT_PROJECT_VERSION = 1;
				DEVELOPMENT_ASSET_PATHS = "\"diane-ios/Preview Content\"";
				DEVELOPMENT_TEAM = YHA5UYAKQ6;
				ENABLE_PREVIEWS = YES;
				GENERATE_INFOPLIST_FILE = YES;
				INFOPLIST_KEY_NSMicrophoneUsageDescription = "Needed to transcribe audio";
				"INFOPLIST_KEY_UIApplicationSceneManifest_Generation[sdk=iphoneos*]" = YES;
				"INFOPLIST_KEY_UIApplicationSceneManifest_Generation[sdk=iphonesimulator*]" = YES;
				"INFOPLIST_KEY_UIApplicationSupportsIndirectInputEvents[sdk=iphoneos*]" = YES;
				"INFOPLIST_KEY_UIApplicationSupportsIndirectInputEvents[sdk=iphonesimulator*]" = YES;
				"INFOPLIST_KEY_UILaunchScreen_Generation[sdk=iphoneos*]" = YES;
				"INFOPLIST_KEY_UILaunchScreen_Generation[sdk=iphonesimulator*]" = YES;
				"INFOPLIST_KEY_UIStatusBarStyle[sdk=iphoneos*]" = UIStatusBarStyleDefault;
				"INFOPLIST_KEY_UIStatusBarStyle[sdk=iphonesimulator*]" = UIStatusBarStyleDefault;
				INFOPLIST_KEY_UISupportedInterfaceOrientations_iPad = "UIInterfaceOrientationPortrait UIInterfaceOrientationPortraitUpsideDown UIInterfaceOrientationLandscapeLeft UIInterfaceOrientationLandscapeRight";
				INFOPLIST_KEY_UISupportedInterfaceOrientations_iPhone = "UIInterfaceOrientationPortrait UIInterfaceOrientationLandscapeLeft UIInterfaceOrientationLandscapeRight";
				IPHONEOS_DEPLOYMENT_TARGET = 16.4;
				LD_RUNPATH_SEARCH_PATHS = "@executable_path/Frameworks";
				"LD_RUNPATH_SEARCH_PATHS[sdk=macosx*]" = "@executable_path/../Frameworks";
				MACOSX_DEPLOYMENT_TARGET = 13.3;
				MARKETING_VERSION = 1.0;
				OTHER_CFLAGS = (
					"-O3",
					"-DNDEBUG",
				);
				PRODUCT_BUNDLE_IDENTIFIER = "test-org.diane-ios";
				PRODUCT_NAME = "$(TARGET_NAME)";
				PROVISIONING_PROFILE_SPECIFIER = "";
				SDKROOT = auto;
				SUPPORTED_PLATFORMS = "iphoneos iphonesimulator macosx";
				SWIFT_EMIT_LOC_STRINGS = YES;
				SWIFT_OBJC_BRIDGING_HEADER = "whisper.cpp/diane-ios-Bridging-Header.h";
				SWIFT_VERSION = 5.0;
				TARGETED_DEVICE_FAMILY = "1,2";
			};
			name = Release;
		};
		B4D0BA8D2A68617C00274FDA /* Debug */ = {
			isa = XCBuildConfiguration;
			buildSettings = {
				ALWAYS_EMBED_SWIFT_STANDARD_LIBRARIES = YES;
				BUNDLE_LOADER = "$(TEST_HOST)";
				CODE_SIGN_STYLE = Automatic;
				CURRENT_PROJECT_VERSION = 1;
				GENERATE_INFOPLIST_FILE = YES;
				IPHONEOS_DEPLOYMENT_TARGET = 16.4;
				MACOSX_DEPLOYMENT_TARGET = 13.3;
				MARKETING_VERSION = 1.0;
				PRODUCT_BUNDLE_IDENTIFIER = "test-org.diane-iosTests";
				PRODUCT_NAME = "$(TARGET_NAME)";
				SDKROOT = auto;
				SUPPORTED_PLATFORMS = "iphoneos iphonesimulator macosx";
				SWIFT_EMIT_LOC_STRINGS = NO;
				SWIFT_VERSION = 5.0;
				TARGETED_DEVICE_FAMILY = "1,2";
				TEST_HOST = "$(BUILT_PRODUCTS_DIR)/diane-ios.app/$(BUNDLE_EXECUTABLE_FOLDER_PATH)/diane-ios";
			};
			name = Debug;
		};
		B4D0BA8E2A68617C00274FDA /* Release */ = {
			isa = XCBuildConfiguration;
			buildSettings = {
				ALWAYS_EMBED_SWIFT_STANDARD_LIBRARIES = YES;
				BUNDLE_LOADER = "$(TEST_HOST)";
				CODE_SIGN_STYLE = Automatic;
				CURRENT_PROJECT_VERSION = 1;
				GENERATE_INFOPLIST_FILE = YES;
				IPHONEOS_DEPLOYMENT_TARGET = 16.4;
				MACOSX_DEPLOYMENT_TARGET = 13.3;
				MARKETING_VERSION = 1.0;
				PRODUCT_BUNDLE_IDENTIFIER = "test-org.diane-iosTests";
				PRODUCT_NAME = "$(TARGET_NAME)";
				SDKROOT = auto;
				SUPPORTED_PLATFORMS = "iphoneos iphonesimulator macosx";
				SWIFT_EMIT_LOC_STRINGS = NO;
				SWIFT_VERSION = 5.0;
				TARGETED_DEVICE_FAMILY = "1,2";
				TEST_HOST = "$(BUILT_PRODUCTS_DIR)/diane-ios.app/$(BUNDLE_EXECUTABLE_FOLDER_PATH)/diane-ios";
			};
			name = Release;
		};
		B4D0BA902A68617C00274FDA /* Debug */ = {
			isa = XCBuildConfiguration;
			buildSettings = {
				ALWAYS_EMBED_SWIFT_STANDARD_LIBRARIES = YES;
				CODE_SIGN_STYLE = Automatic;
				CURRENT_PROJECT_VERSION = 1;
				GENERATE_INFOPLIST_FILE = YES;
				IPHONEOS_DEPLOYMENT_TARGET = 16.4;
				MACOSX_DEPLOYMENT_TARGET = 13.3;
				MARKETING_VERSION = 1.0;
				PRODUCT_BUNDLE_IDENTIFIER = "test-org.diane-iosUITests";
				PRODUCT_NAME = "$(TARGET_NAME)";
				SDKROOT = auto;
				SUPPORTED_PLATFORMS = "iphoneos iphonesimulator macosx";
				SWIFT_EMIT_LOC_STRINGS = NO;
				SWIFT_VERSION = 5.0;
				TARGETED_DEVICE_FAMILY = "1,2";
				TEST_TARGET_NAME = "diane-ios";
			};
			name = Debug;
		};
		B4D0BA912A68617C00274FDA /* Release */ = {
			isa = XCBuildConfiguration;
			buildSettings = {
				ALWAYS_EMBED_SWIFT_STANDARD_LIBRARIES = YES;
				CODE_SIGN_STYLE = Automatic;
				CURRENT_PROJECT_VERSION = 1;
				GENERATE_INFOPLIST_FILE = YES;
				IPHONEOS_DEPLOYMENT_TARGET = 16.4;
				MACOSX_DEPLOYMENT_TARGET = 13.3;
				MARKETING_VERSION = 1.0;
				PRODUCT_BUNDLE_IDENTIFIER = "test-org.diane-iosUITests";
				PRODUCT_NAME = "$(TARGET_NAME)";
				SDKROOT = auto;
				SUPPORTED_PLATFORMS = "iphoneos iphonesimulator macosx";
				SWIFT_EMIT_LOC_STRINGS = NO;
				SWIFT_VERSION = 5.0;
				TARGETED_DEVICE_FAMILY = "1,2";
				TEST_TARGET_NAME = "diane-ios";
			};
			name = Release;
		};
/* End XCBuildConfiguration section */

/* Begin XCConfigurationList section */
		B4D0BA5F2A68617A00274FDA /* Build configuration list for PBXProject "diane-ios" */ = {
			isa = XCConfigurationList;
			buildConfigurations = (
				B4D0BA872A68617C00274FDA /* Debug */,
				B4D0BA882A68617C00274FDA /* Release */,
			);
			defaultConfigurationIsVisible = 0;
			defaultConfigurationName = Release;
		};
		B4D0BA892A68617C00274FDA /* Build configuration list for PBXNativeTarget "diane-ios" */ = {
			isa = XCConfigurationList;
			buildConfigurations = (
				B4D0BA8A2A68617C00274FDA /* Debug */,
				B4D0BA8B2A68617C00274FDA /* Release */,
			);
			defaultConfigurationIsVisible = 0;
			defaultConfigurationName = Release;
		};
		B4D0BA8C2A68617C00274FDA /* Build configuration list for PBXNativeTarget "diane-iosTests" */ = {
			isa = XCConfigurationList;
			buildConfigurations = (
				B4D0BA8D2A68617C00274FDA /* Debug */,
				B4D0BA8E2A68617C00274FDA /* Release */,
			);
			defaultConfigurationIsVisible = 0;
			defaultConfigurationName = Release;
		};
		B4D0BA8F2A68617C00274FDA /* Build configuration list for PBXNativeTarget "diane-iosUITests" */ = {
			isa = XCConfigurationList;
			buildConfigurations = (
				B4D0BA902A68617C00274FDA /* Debug */,
				B4D0BA912A68617C00274FDA /* Release */,
			);
			defaultConfigurationIsVisible = 0;
			defaultConfigurationName = Release;
		};
/* End XCConfigurationList section */
	};
	rootObject = B4D0BA5C2A68617A00274FDA /* Project object */;
}
